
Microsoft Visual Studio Solution File, Format Version 12.00
# Visual Studio Version 17
VisualStudioVersion = 17.3.32819.101
MinimumVisualStudioVersion = 10.0.40219.1
Project("{FAE04EC0-301F-11D3-BF4B-00C04F79EFBC}") = "Zeexbys", "Zeexbys.csproj", "{F9FFC0A6-9F11-4090-B705-1833CE74A986}"
EndProject
Global
	GlobalSection(SolutionConfigurationPlatforms) = preSolution
		Debug|Any CPU = Debug|Any CPU
		Release|Any CPU = Release|Any CPU
	EndGlobalSection
	GlobalSection(ProjectConfigurationPlatforms) = postSolution
		{F9FFC0A6-9F11-4090-B705-1833CE74A986}.Debug|Any CPU.ActiveCfg = Debug|Any CPU
		{F9FFC0A6-9F11-4090-B705-1833CE74A986}.Debug|Any CPU.Build.0 = Debug|Any CPU
		{F9FFC0A6-9F11-4090-B705-1833CE74A986}.Release|Any CPU.ActiveCfg = Release|Any CPU
		{F9FFC0A6-9F11-4090-B705-1833CE74A986}.Release|Any CPU.Build.0 = Release|Any CPU
	EndGlobalSection
	GlobalSection(SolutionProperties) = preSolution
		HideSolutionNode = FALSE
	EndGlobalSection
	GlobalSection(ExtensibilityGlobals) = postSolution
		SolutionGuid = {7E33B3C2-0F48-44F4-A6D1-798C39BC108B}
	EndGlobalSection
EndGlobal
